
Microsoft Visual Studio Solution File, Format Version 12.00
# Visual Studio Version 16
VisualStudioVersion = 16.0.30907.101
MinimumVisualStudioVersion = 10.0.40219.1
Project("{FAE04EC0-301F-11D3-BF4B-00C04F79EFBC}") = "PardakhtNovin.Parbad.Gateway", "PardakhtNovin.Parbad.Gateway\PardakhtNovin.Parbad.Gateway.csproj", "{83797E90-0933-4CD5-90FA-6E48454EBD79}"
EndProject
Global
	GlobalSection(SolutionConfigurationPlatforms) = preSolution
		Debug|Any CPU = Debug|Any CPU
		Release|Any CPU = Release|Any CPU
	EndGlobalSection
	GlobalSection(ProjectConfigurationPlatforms) = postSolution
		{83797E90-0933-4CD5-90FA-6E48454EBD79}.Debug|Any CPU.ActiveCfg = Debug|Any CPU
		{83797E90-0933-4CD5-90FA-6E48454EBD79}.Debug|Any CPU.Build.0 = Debug|Any CPU
		{83797E90-0933-4CD5-90FA-6E48454EBD79}.Release|Any CPU.ActiveCfg = Release|Any CPU
		{83797E90-0933-4CD5-90FA-6E48454EBD79}.Release|Any CPU.Build.0 = Release|Any CPU
	EndGlobalSection
	GlobalSection(SolutionProperties) = preSolution
		HideSolutionNode = FALSE
	EndGlobalSection
	GlobalSection(ExtensibilityGlobals) = postSolution
		SolutionGuid = {CC599A36-75CE-4355-956B-971AD1CB3ECF}
	EndGlobalSection
EndGlobal
